
Microsoft Visual Studio Solution File, Format Version 12.00
# Visual Studio Version 17
VisualStudioVersion = 17.1.32210.238
MinimumVisualStudioVersion = 10.0.40219.1
Project("{FAE04EC0-301F-11D3-BF4B-00C04F79EFBC}") = "DocumentsSenderConsole", "DocumentsSenderConsole\DocumentsSenderConsole.csproj", "{4FD6B726-0634-49AC-B41D-B8348680CF9D}"
EndProject
Project("{FAE04EC0-301F-11D3-BF4B-00C04F79EFBC}") = "DocumentsSender.Core", "DocumentsSender.Core\DocumentsSender.Core.csproj", "{7F325AF7-3EA9-4E87-A834-A4CA0A1A5899}"
EndProject
Project("{FAE04EC0-301F-11D3-BF4B-00C04F79EFBC}") = "DocumentsSender.Common", "DocumentsSender.Common\DocumentsSender.Common.csproj", "{30E294DC-7A6E-4BD6-A02F-88850A4CD71C}"
EndProject
Global
	GlobalSection(SolutionConfigurationPlatforms) = preSolution
		Debug|Any CPU = Debug|Any CPU
		Release|Any CPU = Release|Any CPU
	EndGlobalSection
	GlobalSection(ProjectConfigurationPlatforms) = postSolution
		{4FD6B726-0634-49AC-B41D-B8348680CF9D}.Debug|Any CPU.ActiveCfg = Debug|Any CPU
		{4FD6B726-0634-49AC-B41D-B8348680CF9D}.Debug|Any CPU.Build.0 = Debug|Any CPU
		{4FD6B726-0634-49AC-B41D-B8348680CF9D}.Release|Any CPU.ActiveCfg = Release|Any CPU
		{4FD6B726-0634-49AC-B41D-B8348680CF9D}.Release|Any CPU.Build.0 = Release|Any CPU
		{7F325AF7-3EA9-4E87-A834-A4CA0A1A5899}.Debug|Any CPU.ActiveCfg = Debug|Any CPU
		{7F325AF7-3EA9-4E87-A834-A4CA0A1A5899}.Debug|Any CPU.Build.0 = Debug|Any CPU
		{7F325AF7-3EA9-4E87-A834-A4CA0A1A5899}.Release|Any CPU.ActiveCfg = Release|Any CPU
		{7F325AF7-3EA9-4E87-A834-A4CA0A1A5899}.Release|Any CPU.Build.0 = Release|Any CPU
		{30E294DC-7A6E-4BD6-A02F-88850A4CD71C}.Debug|Any CPU.ActiveCfg = Debug|Any CPU
		{30E294DC-7A6E-4BD6-A02F-88850A4CD71C}.Debug|Any CPU.Build.0 = Debug|Any CPU
		{30E294DC-7A6E-4BD6-A02F-88850A4CD71C}.Release|Any CPU.ActiveCfg = Release|Any CPU
		{30E294DC-7A6E-4BD6-A02F-88850A4CD71C}.Release|Any CPU.Build.0 = Release|Any CPU
	EndGlobalSection
	GlobalSection(SolutionProperties) = preSolution
		HideSolutionNode = FALSE
	EndGlobalSection
	GlobalSection(ExtensibilityGlobals) = postSolution
		SolutionGuid = {8987F522-C48D-4D2D-9C2A-A5484A2120DB}
	EndGlobalSection
EndGlobal
